
Microsoft Visual Studio Solution File, Format Version 12.00
# Visual Studio Version 17
VisualStudioVersion = 17.14.36414.22
MinimumVisualStudioVersion = 10.0.40219.1
Project("{FAE04EC0-301F-11D3-BF4B-00C04F79EFBC}") = "BinMaps", "BinMaps\BinMaps.csproj", "{2EC59655-4B54-4570-8D2D-AA8996B7AFD8}"
EndProject
Project("{FAE04EC0-301F-11D3-BF4B-00C04F79EFBC}") = "BinMaps.Data", "BinMaps.Data\BinMaps.Data.csproj", "{4440748F-958C-4DB7-A8C2-2B21C0B2A86C}"
EndProject
Global
	GlobalSection(SolutionConfigurationPlatforms) = preSolution
		Debug|Any CPU = Debug|Any CPU
		Release|Any CPU = Release|Any CPU
	EndGlobalSection
	GlobalSection(ProjectConfigurationPlatforms) = postSolution
		{2EC59655-4B54-4570-8D2D-AA8996B7AFD8}.Debug|Any CPU.ActiveCfg = Debug|Any CPU
		{2EC59655-4B54-4570-8D2D-AA8996B7AFD8}.Debug|Any CPU.Build.0 = Debug|Any CPU
		{2EC59655-4B54-4570-8D2D-AA8996B7AFD8}.Release|Any CPU.ActiveCfg = Release|Any CPU
		{2EC59655-4B54-4570-8D2D-AA8996B7AFD8}.Release|Any CPU.Build.0 = Release|Any CPU
		{4440748F-958C-4DB7-A8C2-2B21C0B2A86C}.Debug|Any CPU.ActiveCfg = Debug|Any CPU
		{4440748F-958C-4DB7-A8C2-2B21C0B2A86C}.Debug|Any CPU.Build.0 = Debug|Any CPU
		{4440748F-958C-4DB7-A8C2-2B21C0B2A86C}.Release|Any CPU.ActiveCfg = Release|Any CPU
		{4440748F-958C-4DB7-A8C2-2B21C0B2A86C}.Release|Any CPU.Build.0 = Release|Any CPU
	EndGlobalSection
	GlobalSection(SolutionProperties) = preSolution
		HideSolutionNode = FALSE
	EndGlobalSection
	GlobalSection(ExtensibilityGlobals) = postSolution
		SolutionGuid = {EBF598BC-9976-4865-8642-7E87DCD1F2A6}
	EndGlobalSection
EndGlobal
