
Microsoft Visual Studio Solution File, Format Version 12.00
# Visual Studio Version 17
VisualStudioVersion = 17.14.36414.22
MinimumVisualStudioVersion = 10.0.40219.1
Project("{FAE04EC0-301F-11D3-BF4B-00C04F79EFBC}") = "BinMaps.Data", "BinMaps.Data\BinMaps.Data.csproj", "{4440748F-958C-4DB7-A8C2-2B21C0B2A86C}"
EndProject
Project("{FAE04EC0-301F-11D3-BF4B-00C04F79EFBC}") = "BinMaps.Core", "BinMaps.Core\BinMaps.Core.csproj", "{67ED1CDF-F4F3-4A94-A8A4-D3A654290F35}"
EndProject
Project("{FAE04EC0-301F-11D3-BF4B-00C04F79EFBC}") = "BinMaps.Common", "BinMaps.Common\BinMaps.Common.csproj", "{03A3C4FE-05B6-427E-9889-AC11E6F8BA12}"
EndProject
Project("{FAE04EC0-301F-11D3-BF4B-00C04F79EFBC}") = "BinMaps", "BinMaps\BinMaps.csproj", "{1148884C-8B5B-4A0E-9656-DCB1BD3DC2CE}"
EndProject
Global
	GlobalSection(SolutionConfigurationPlatforms) = preSolution
		Debug|Any CPU = Debug|Any CPU
		Release|Any CPU = Release|Any CPU
	EndGlobalSection
	GlobalSection(ProjectConfigurationPlatforms) = postSolution
		{4440748F-958C-4DB7-A8C2-2B21C0B2A86C}.Debug|Any CPU.ActiveCfg = Debug|Any CPU
		{4440748F-958C-4DB7-A8C2-2B21C0B2A86C}.Debug|Any CPU.Build.0 = Debug|Any CPU
		{4440748F-958C-4DB7-A8C2-2B21C0B2A86C}.Release|Any CPU.ActiveCfg = Release|Any CPU
		{4440748F-958C-4DB7-A8C2-2B21C0B2A86C}.Release|Any CPU.Build.0 = Release|Any CPU
		{67ED1CDF-F4F3-4A94-A8A4-D3A654290F35}.Debug|Any CPU.ActiveCfg = Debug|Any CPU
		{67ED1CDF-F4F3-4A94-A8A4-D3A654290F35}.Debug|Any CPU.Build.0 = Debug|Any CPU
		{67ED1CDF-F4F3-4A94-A8A4-D3A654290F35}.Release|Any CPU.ActiveCfg = Release|Any CPU
		{67ED1CDF-F4F3-4A94-A8A4-D3A654290F35}.Release|Any CPU.Build.0 = Release|Any CPU
		{03A3C4FE-05B6-427E-9889-AC11E6F8BA12}.Debug|Any CPU.ActiveCfg = Debug|Any CPU
		{03A3C4FE-05B6-427E-9889-AC11E6F8BA12}.Debug|Any CPU.Build.0 = Debug|Any CPU
		{03A3C4FE-05B6-427E-9889-AC11E6F8BA12}.Release|Any CPU.ActiveCfg = Release|Any CPU
		{03A3C4FE-05B6-427E-9889-AC11E6F8BA12}.Release|Any CPU.Build.0 = Release|Any CPU
		{1148884C-8B5B-4A0E-9656-DCB1BD3DC2CE}.Debug|Any CPU.ActiveCfg = Debug|Any CPU
		{1148884C-8B5B-4A0E-9656-DCB1BD3DC2CE}.Debug|Any CPU.Build.0 = Debug|Any CPU
		{1148884C-8B5B-4A0E-9656-DCB1BD3DC2CE}.Release|Any CPU.ActiveCfg = Release|Any CPU
		{1148884C-8B5B-4A0E-9656-DCB1BD3DC2CE}.Release|Any CPU.Build.0 = Release|Any CPU
	EndGlobalSection
	GlobalSection(SolutionProperties) = preSolution
		HideSolutionNode = FALSE
	EndGlobalSection
	GlobalSection(ExtensibilityGlobals) = postSolution
		SolutionGuid = {EBF598BC-9976-4865-8642-7E87DCD1F2A6}
	EndGlobalSection
EndGlobal
